
Microsoft Visual Studio Solution File, Format Version 12.00
# Visual Studio Version 17
VisualStudioVersion = 17.4.33103.184
MinimumVisualStudioVersion = 10.0.40219.1
Project("{9A19103F-16F7-4668-BE54-9A1E7A4F7556}") = "API", "API\API.csproj", "{784E9F61-EBFF-4F22-B8A4-BC9029BF9D0F}"
EndProject
Project("{9A19103F-16F7-4668-BE54-9A1E7A4F7556}") = "Datalayer", "Datalayer\Datalayer.csproj", "{42C172C8-EC56-4229-9E2C-FD2BBB06FF68}"
EndProject
Project("{9A19103F-16F7-4668-BE54-9A1E7A4F7556}") = "BLL", "BLL\BLL.csproj", "{336242FC-4501-447A-994C-2A0743091960}"
EndProject
Project("{9A19103F-16F7-4668-BE54-9A1E7A4F7556}") = "Entities", "Entities\Entities.csproj", "{407083AB-EDE9-4B51-8A7B-E1E9ADE7B873}"
EndProject
Project("{54A90642-561A-4BB1-A94E-469ADEE60C69}") = "AdminApp", "AdminApp\AdminApp.esproj", "{5F4C0730-42BA-4E5C-8AD0-73C1E1D405F8}"
EndProject
Global
	GlobalSection(SolutionConfigurationPlatforms) = preSolution
		Debug|Any CPU = Debug|Any CPU
		Release|Any CPU = Release|Any CPU
	EndGlobalSection
	GlobalSection(ProjectConfigurationPlatforms) = postSolution
		{784E9F61-EBFF-4F22-B8A4-BC9029BF9D0F}.Debug|Any CPU.ActiveCfg = Debug|Any CPU
		{784E9F61-EBFF-4F22-B8A4-BC9029BF9D0F}.Debug|Any CPU.Build.0 = Debug|Any CPU
		{784E9F61-EBFF-4F22-B8A4-BC9029BF9D0F}.Release|Any CPU.ActiveCfg = Release|Any CPU
		{784E9F61-EBFF-4F22-B8A4-BC9029BF9D0F}.Release|Any CPU.Build.0 = Release|Any CPU
		{42C172C8-EC56-4229-9E2C-FD2BBB06FF68}.Debug|Any CPU.ActiveCfg = Debug|Any CPU
		{42C172C8-EC56-4229-9E2C-FD2BBB06FF68}.Debug|Any CPU.Build.0 = Debug|Any CPU
		{42C172C8-EC56-4229-9E2C-FD2BBB06FF68}.Release|Any CPU.ActiveCfg = Release|Any CPU
		{42C172C8-EC56-4229-9E2C-FD2BBB06FF68}.Release|Any CPU.Build.0 = Release|Any CPU
		{336242FC-4501-447A-994C-2A0743091960}.Debug|Any CPU.ActiveCfg = Debug|Any CPU
		{336242FC-4501-447A-994C-2A0743091960}.Debug|Any CPU.Build.0 = Debug|Any CPU
		{336242FC-4501-447A-994C-2A0743091960}.Release|Any CPU.ActiveCfg = Release|Any CPU
		{336242FC-4501-447A-994C-2A0743091960}.Release|Any CPU.Build.0 = Release|Any CPU
		{407083AB-EDE9-4B51-8A7B-E1E9ADE7B873}.Debug|Any CPU.ActiveCfg = Debug|Any CPU
		{407083AB-EDE9-4B51-8A7B-E1E9ADE7B873}.Debug|Any CPU.Build.0 = Debug|Any CPU
		{407083AB-EDE9-4B51-8A7B-E1E9ADE7B873}.Release|Any CPU.ActiveCfg = Release|Any CPU
		{407083AB-EDE9-4B51-8A7B-E1E9ADE7B873}.Release|Any CPU.Build.0 = Release|Any CPU
		{5F4C0730-42BA-4E5C-8AD0-73C1E1D405F8}.Debug|Any CPU.ActiveCfg = Debug|Any CPU
		{5F4C0730-42BA-4E5C-8AD0-73C1E1D405F8}.Debug|Any CPU.Build.0 = Debug|Any CPU
		{5F4C0730-42BA-4E5C-8AD0-73C1E1D405F8}.Debug|Any CPU.Deploy.0 = Debug|Any CPU
		{5F4C0730-42BA-4E5C-8AD0-73C1E1D405F8}.Release|Any CPU.ActiveCfg = Release|Any CPU
		{5F4C0730-42BA-4E5C-8AD0-73C1E1D405F8}.Release|Any CPU.Build.0 = Release|Any CPU
		{5F4C0730-42BA-4E5C-8AD0-73C1E1D405F8}.Release|Any CPU.Deploy.0 = Release|Any CPU
	EndGlobalSection
	GlobalSection(SolutionProperties) = preSolution
		HideSolutionNode = FALSE
	EndGlobalSection
	GlobalSection(ExtensibilityGlobals) = postSolution
		SolutionGuid = {767ADEFD-845A-4DA2-B9F5-05DE23A951AE}
	EndGlobalSection
EndGlobal
